lockfileVersion: '9.0'

settings:
  autoInstallPeers: true
  excludeLinksFromLockfile: false

importers:

  .:
    devDependencies:
      cz-git:
        specifier: 1.12.0
        version: 1.12.0
      lefthook:
        specifier: 1.13.1
        version: 1.13.1
      npm-run-all2:
        specifier: 8.0.4
        version: 8.0.4
      prettier:
        specifier: 3.6.2
        version: 3.6.2

packages:

  ansi-styles@6.2.1:
    resolution: {integrity: sha512-bN798gFfQX+viw3R7yrGWRqnrN2oRkEkUjjl4JNn4E8GxxbjtG3FbrEIIY3l8/hrwUwIeCZvi4QuOTP4MErVug==}
    engines: {node: '>=12'}

  cross-spawn@7.0.6:
    resolution: {integrity: sha512-uV2QOWP2nWzsy2aMp8aRibhi9dlzF5Hgh5SHaB9OiTGEyDTiJJyx0uy51QXdyWbtAHNua4XJzUKca3OzKUd3vA==}
    engines: {node: '>= 8'}

  cz-git@1.12.0:
    resolution: {integrity: sha512-LaZ+8whPPUOo6Y0Zy4nIbf6JOleV3ejp41sT6N4RPKiKKA+ICWf4ueeIlxIO8b6JtdlDxRzHH/EcRji07nDxcg==}
    engines: {node: '>=v12.20.0'}

  isexe@2.0.0:
    resolution: {integrity: sha512-RHxMLp9lnKHGHRng9QFhRCMbYAcVpn69smSGcq3f36xjgVVWThj4qqLbTLlq7Ssj8B+fIQ1EuCEGI2lKsyQeIw==}

  isexe@3.1.1:
    resolution: {integrity: sha512-LpB/54B+/2J5hqQ7imZHfdU31OlgQqx7ZicVlkm9kzg9/w8GKLEcFfJl/t7DCEDueOyBAD6zCCwTO6Fzs0NoEQ==}
    engines: {node: '>=16'}

  json-parse-even-better-errors@4.0.0:
    resolution: {integrity: sha512-lR4MXjGNgkJc7tkQ97kb2nuEMnNCyU//XYVH0MKTGcXEiSudQ5MKGKen3C5QubYy0vmq+JGitUg92uuywGEwIA==}
    engines: {node: ^18.17.0 || >=20.5.0}

  lefthook-darwin-arm64@1.13.1:
    resolution: {integrity: sha512-bMD34zeaKTtA5DAAIs910bUN5agCsZbzIwPnqA5Zvbm9igvbCkRerc5bAOCYcMUzleXA54g5hdDnDNwSwAo+JQ==}
    cpu: [arm64]
    os: [darwin]

  lefthook-darwin-x64@1.13.1:
    resolution: {integrity: sha512-eOv25Scxxu/dgWg/o0QkIMcYHmBrL6ffozeHRDHUC2N0n0eAvp9FpexoJ+Mm7+VQVPCnQumjIvyUNLRqlEAcyg==}
    cpu: [x64]
    os: [darwin]

  lefthook-freebsd-arm64@1.13.1:
    resolution: {integrity: sha512-Hzw2E+zX1/GseCrJS1b1i9oj6JhM2+MFOysCUmMYl8x0yDphxepJXr3wH8bNXENtuVN0Om1IWdZC+6p6+ZY8zw==}
    cpu: [arm64]
    os: [freebsd]

  lefthook-freebsd-x64@1.13.1:
    resolution: {integrity: sha512-H1T4A6auTBEQY0uWh5E7LDTPa5I9ALfubNHVsiE3XzwRjwu3PazCY9zPCTbdI8ww9JOV6T9A7Mow2GewoHWBUQ==}
    cpu: [x64]
    os: [freebsd]

  lefthook-linux-arm64@1.13.1:
    resolution: {integrity: sha512-3vNxmRma1ykaG+rpxjKytvxSj6Kl9f/W19Qjdi+BFVu2LueMY5AGPs1oXpDjled7Y7c3WL4XLtQ+xPFHl8z9Sw==}
    cpu: [arm64]
    os: [linux]

  lefthook-linux-x64@1.13.1:
    resolution: {integrity: sha512-vitul4TY/4RCiH90XDcWZT/XItfHeCuzlt/Ex3dF2ZToEgXzQti8qWG1i9QhSaunu0X/7KIWLlHV9q5uymNBsQ==}
    cpu: [x64]
    os: [linux]

  lefthook-openbsd-arm64@1.13.1:
    resolution: {integrity: sha512-3TDbaxWiqDuA6a+IuAOh64CiTsyVsnTgQDF8u+STH81RYs70a1g2XHKRGxPMhJMLigy7TEk5z3FUkiKw4pofWQ==}
    cpu: [arm64]
    os: [openbsd]

  lefthook-openbsd-x64@1.13.1:
    resolution: {integrity: sha512-0mP/wtzdPliwRHQNPSCYbIc+6KCWLNWp/HHRCpurwrWJ6z4mab3ctemghhTkHj+0ZDSO0kM66Awygq86JnOwIA==}
    cpu: [x64]
    os: [openbsd]

  lefthook-windows-arm64@1.13.1:
    resolution: {integrity: sha512-6wrUZOC1SGsp9riO3dILPzoMkjOSpYIyojbU+jUdlMwCfSMGR5jrFlzRTEyrEoawFhGk3+KnFPYbOdlp8LWPkw==}
    cpu: [arm64]
    os: [win32]

  lefthook-windows-x64@1.13.1:
    resolution: {integrity: sha512-K/abjvUqtazOjXtrqKz+O+J+D/lZqvrjuWO9gLCbDKbzV13IwqvE+eIJ7TXCAwqp3/MN2r2pwpL83t17fxshBA==}
    cpu: [x64]
    os: [win32]

  lefthook@1.13.1:
    resolution: {integrity: sha512-zPtBnDI86o2Xoe61tr+0r8ebLVek/aEKF77gA+V5C7zi4Of1CY6FFHx0Gzazzj9JfTCq9SWtUv1halWSWMPAQQ==}
    hasBin: true

  memorystream@0.3.1:
    resolution: {integrity: sha512-S3UwM3yj5mtUSEfP41UZmt/0SCoVYUcU1rkXv+BQ5Ig8ndL4sPoJNBUJERafdPb5jjHJGuMgytgKvKIf58XNBw==}
    engines: {node: '>= 0.10.0'}

  npm-normalize-package-bin@4.0.0:
    resolution: {integrity: sha512-TZKxPvItzai9kN9H/TkmCtx/ZN/hvr3vUycjlfmH0ootY9yFBzNOpiXAdIn1Iteqsvk4lQn6B5PTrt+n6h8k/w==}
    engines: {node: ^18.17.0 || >=20.5.0}

  npm-run-all2@8.0.4:
    resolution: {integrity: sha512-wdbB5My48XKp2ZfJUlhnLVihzeuA1hgBnqB2J9ahV77wLS+/YAJAlN8I+X3DIFIPZ3m5L7nplmlbhNiFDmXRDA==}
    engines: {node: ^20.5.0 || >=22.0.0, npm: '>= 10'}
    hasBin: true

  path-key@3.1.1:
    resolution: {integrity: sha512-ojmeN0qd+y0jszEtoY48r0Peq5dwMEkIlCOu6Q5f41lfkswXuKtYrhgoTpLnyIcHm24Uhqx+5Tqm2InSwLhE6Q==}
    engines: {node: '>=8'}

  picomatch@4.0.3:
    resolution: {integrity: sha512-5gTmgEY/sqK6gFXLIsQNH19lWb4ebPDLA4SdLP7dsWkIXHWlG66oPuVvXSGFPppYZz8ZDZq0dYYrbHfBCVUb1Q==}
    engines: {node: '>=12'}

  pidtree@0.6.0:
    resolution: {integrity: sha512-eG2dWTVw5bzqGRztnHExczNxt5VGsE6OwTeCG3fdUf9KBsZzO3R5OIIIzWR+iZA0NtZ+RDVdaoE2dK1cn6jH4g==}
    engines: {node: '>=0.10'}
    hasBin: true

  prettier@3.6.2:
    resolution: {integrity: sha512-I7AIg5boAr5R0FFtJ6rCfD+LFsWHp81dolrFD8S79U9tb8Az2nGrJncnMSnys+bpQJfRUzqs9hnA81OAA3hCuQ==}
    engines: {node: '>=14'}
    hasBin: true

  read-package-json-fast@4.0.0:
    resolution: {integrity: sha512-qpt8EwugBWDw2cgE2W+/3oxC+KTez2uSVR8JU9Q36TXPAGCaozfQUs59v4j4GFpWTaw0i6hAZSvOmu1J0uOEUg==}
    engines: {node: ^18.17.0 || >=20.5.0}

  shebang-command@2.0.0:
    resolution: {integrity: sha512-kHxr2zZpYtdmrN1qDjrrX/Z1rR1kG8Dx+gkpK1G4eXmvXswmcE1hTWBWYUzlraYw1/yZp6YuDY77YtvbN0dmDA==}
    engines: {node: '>=8'}

  shebang-regex@3.0.0:
    resolution: {integrity: sha512-7++dFhtcx3353uBaq8DDR4NuxBetBzC7ZQOhmTQInHEd6bSrXdiEyzCvG07Z44UYdLShWUyXt5M/yhz8ekcb1A==}
    engines: {node: '>=8'}

  shell-quote@1.8.3:
    resolution: {integrity: sha512-ObmnIF4hXNg1BqhnHmgbDETF8dLPCggZWBjkQfhZpbszZnYur5DUljTcCHii5LC3J5E0yeO/1LIMyH+UvHQgyw==}
    engines: {node: '>= 0.4'}

  which@2.0.2:
    resolution: {integrity: sha512-BLI3Tl1TW3Pvl70l3yq3Y64i+awpwXqsGBYWkkqMtnbXgrMD+yj7rhW0kuEDxzJaYXGjEW5ogapKNMEKNMjibA==}
    engines: {node: '>= 8'}
    hasBin: true

  which@5.0.0:
    resolution: {integrity: sha512-JEdGzHwwkrbWoGOlIHqQ5gtprKGOenpDHpxE9zVR1bWbOtYRyPPHMe9FaP6x61CmNaTThSkb0DAJte5jD+DmzQ==}
    engines: {node: ^18.17.0 || >=20.5.0}
    hasBin: true

snapshots:

  ansi-styles@6.2.1: {}

  cross-spawn@7.0.6:
    dependencies:
      path-key: 3.1.1
      shebang-command: 2.0.0
      which: 2.0.2

  cz-git@1.12.0: {}

  isexe@2.0.0: {}

  isexe@3.1.1: {}

  json-parse-even-better-errors@4.0.0: {}

  lefthook-darwin-arm64@1.13.1:
    optional: true

  lefthook-darwin-x64@1.13.1:
    optional: true

  lefthook-freebsd-arm64@1.13.1:
    optional: true

  lefthook-freebsd-x64@1.13.1:
    optional: true

  lefthook-linux-arm64@1.13.1:
    optional: true

  lefthook-linux-x64@1.13.1:
    optional: true

  lefthook-openbsd-arm64@1.13.1:
    optional: true

  lefthook-openbsd-x64@1.13.1:
    optional: true

  lefthook-windows-arm64@1.13.1:
    optional: true

  lefthook-windows-x64@1.13.1:
    optional: true

  lefthook@1.13.1:
    optionalDependencies:
      lefthook-darwin-arm64: 1.13.1
      lefthook-darwin-x64: 1.13.1
      lefthook-freebsd-arm64: 1.13.1
      lefthook-freebsd-x64: 1.13.1
      lefthook-linux-arm64: 1.13.1
      lefthook-linux-x64: 1.13.1
      lefthook-openbsd-arm64: 1.13.1
      lefthook-openbsd-x64: 1.13.1
      lefthook-windows-arm64: 1.13.1
      lefthook-windows-x64: 1.13.1

  memorystream@0.3.1: {}

  npm-normalize-package-bin@4.0.0: {}

  npm-run-all2@8.0.4:
    dependencies:
      ansi-styles: 6.2.1
      cross-spawn: 7.0.6
      memorystream: 0.3.1
      picomatch: 4.0.3
      pidtree: 0.6.0
      read-package-json-fast: 4.0.0
      shell-quote: 1.8.3
      which: 5.0.0

  path-key@3.1.1: {}

  picomatch@4.0.3: {}

  pidtree@0.6.0: {}

  prettier@3.6.2: {}

  read-package-json-fast@4.0.0:
    dependencies:
      json-parse-even-better-errors: 4.0.0
      npm-normalize-package-bin: 4.0.0

  shebang-command@2.0.0:
    dependencies:
      shebang-regex: 3.0.0

  shebang-regex@3.0.0: {}

  shell-quote@1.8.3: {}

  which@2.0.2:
    dependencies:
      isexe: 2.0.0

  which@5.0.0:
    dependencies:
      isexe: 3.1.1
